
Microsoft Visual Studio Solution File, Format Version 12.00
# Visual Studio Version 17
VisualStudioVersion = 17.7.34031.279
MinimumVisualStudioVersion = 10.0.40219.1
Project("{FAE04EC0-301F-11D3-BF4B-00C04F79EFBC}") = "WindowsForm", "WindowsForm.csproj", "{4F744AAF-6DDB-41A2-B51C-737EB91E03EE}"
EndProject
Global
	GlobalSection(SolutionConfigurationPlatforms) = preSolution
		Debug|Any CPU = Debug|Any CPU
		Release|Any CPU = Release|Any CPU
	EndGlobalSection
	GlobalSection(ProjectConfigurationPlatforms) = postSolution
		{4F744AAF-6DDB-41A2-B51C-737EB91E03EE}.Debug|Any CPU.ActiveCfg = Debug|Any CPU
		{4F744AAF-6DDB-41A2-B51C-737EB91E03EE}.Debug|Any CPU.Build.0 = Debug|Any CPU
		{4F744AAF-6DDB-41A2-B51C-737EB91E03EE}.Release|Any CPU.ActiveCfg = Release|Any CPU
		{4F744AAF-6DDB-41A2-B51C-737EB91E03EE}.Release|Any CPU.Build.0 = Release|Any CPU
	EndGlobalSection
	GlobalSection(SolutionProperties) = preSolution
		HideSolutionNode = FALSE
	EndGlobalSection
	GlobalSection(ExtensibilityGlobals) = postSolution
		SolutionGuid = {69454B9D-FD17-4210-8ABE-FBC5F51A24E1}
	EndGlobalSection
EndGlobal
